
Microsoft Visual Studio Solution File, Format Version 12.00
# Visual Studio Version 16
VisualStudioVersion = 16.0.31911.196
MinimumVisualStudioVersion = 10.0.40219.1
Project("{9A19103F-16F7-4668-BE54-9A1E7A4F7556}") = "Application", "Application\Application.csproj", "{5DE25CB6-235B-4A7A-8F6C-B70C50739221}"
EndProject
Project("{FAE04EC0-301F-11D3-BF4B-00C04F79EFBC}") = "Business", "Business\Business.csproj", "{83C8E70B-0CD7-469C-A98E-2A69DEAC0D5A}"
EndProject
Global
	GlobalSection(SolutionConfigurationPlatforms) = preSolution
		Debug|Any CPU = Debug|Any CPU
		Release|Any CPU = Release|Any CPU
	EndGlobalSection
	GlobalSection(ProjectConfigurationPlatforms) = postSolution
		{5DE25CB6-235B-4A7A-8F6C-B70C50739221}.Debug|Any CPU.ActiveCfg = Debug|Any CPU
		{5DE25CB6-235B-4A7A-8F6C-B70C50739221}.Debug|Any CPU.Build.0 = Debug|Any CPU
		{5DE25CB6-235B-4A7A-8F6C-B70C50739221}.Release|Any CPU.ActiveCfg = Release|Any CPU
		{5DE25CB6-235B-4A7A-8F6C-B70C50739221}.Release|Any CPU.Build.0 = Release|Any CPU
		{83C8E70B-0CD7-469C-A98E-2A69DEAC0D5A}.Debug|Any CPU.ActiveCfg = Debug|Any CPU
		{83C8E70B-0CD7-469C-A98E-2A69DEAC0D5A}.Debug|Any CPU.Build.0 = Debug|Any CPU
		{83C8E70B-0CD7-469C-A98E-2A69DEAC0D5A}.Release|Any CPU.ActiveCfg = Release|Any CPU
		{83C8E70B-0CD7-469C-A98E-2A69DEAC0D5A}.Release|Any CPU.Build.0 = Release|Any CPU
	EndGlobalSection
	GlobalSection(SolutionProperties) = preSolution
		HideSolutionNode = FALSE
	EndGlobalSection
	GlobalSection(ExtensibilityGlobals) = postSolution
		SolutionGuid = {23726D3E-C6DA-4B42-AB1A-ED830BC2A52F}
	EndGlobalSection
EndGlobal
