
Microsoft Visual Studio Solution File, Format Version 12.00
# Visual Studio Version 16
VisualStudioVersion = 16.0.31911.196
MinimumVisualStudioVersion = 10.0.40219.1
Project("{9A19103F-16F7-4668-BE54-9A1E7A4F7556}") = "Tests", "Tests\Tests.csproj", "{685EF599-C78B-4D42-BE37-40CBF5F7EB54}"
EndProject
Project("{9A19103F-16F7-4668-BE54-9A1E7A4F7556}") = "Application", "Application\Application.csproj", "{9FCDF028-BF1A-4E3E-97EF-82CE18ED29A3}"
EndProject
Project("{FAE04EC0-301F-11D3-BF4B-00C04F79EFBC}") = "Business", "Business\Business.csproj", "{C397E3D7-B606-494C-AF92-AA58BEF4EFAE}"
EndProject
Global
	GlobalSection(SolutionConfigurationPlatforms) = preSolution
		Debug|Any CPU = Debug|Any CPU
		Release|Any CPU = Release|Any CPU
	EndGlobalSection
	GlobalSection(ProjectConfigurationPlatforms) = postSolution
		{685EF599-C78B-4D42-BE37-40CBF5F7EB54}.Debug|Any CPU.ActiveCfg = Debug|Any CPU
		{685EF599-C78B-4D42-BE37-40CBF5F7EB54}.Debug|Any CPU.Build.0 = Debug|Any CPU
		{685EF599-C78B-4D42-BE37-40CBF5F7EB54}.Release|Any CPU.ActiveCfg = Release|Any CPU
		{685EF599-C78B-4D42-BE37-40CBF5F7EB54}.Release|Any CPU.Build.0 = Release|Any CPU
		{9FCDF028-BF1A-4E3E-97EF-82CE18ED29A3}.Debug|Any CPU.ActiveCfg = Debug|Any CPU
		{9FCDF028-BF1A-4E3E-97EF-82CE18ED29A3}.Debug|Any CPU.Build.0 = Debug|Any CPU
		{9FCDF028-BF1A-4E3E-97EF-82CE18ED29A3}.Release|Any CPU.ActiveCfg = Release|Any CPU
		{9FCDF028-BF1A-4E3E-97EF-82CE18ED29A3}.Release|Any CPU.Build.0 = Release|Any CPU
		{C397E3D7-B606-494C-AF92-AA58BEF4EFAE}.Debug|Any CPU.ActiveCfg = Debug|Any CPU
		{C397E3D7-B606-494C-AF92-AA58BEF4EFAE}.Debug|Any CPU.Build.0 = Debug|Any CPU
		{C397E3D7-B606-494C-AF92-AA58BEF4EFAE}.Release|Any CPU.ActiveCfg = Release|Any CPU
		{C397E3D7-B606-494C-AF92-AA58BEF4EFAE}.Release|Any CPU.Build.0 = Release|Any CPU
	EndGlobalSection
	GlobalSection(SolutionProperties) = preSolution
		HideSolutionNode = FALSE
	EndGlobalSection
	GlobalSection(ExtensibilityGlobals) = postSolution
		SolutionGuid = {C41E1132-D144-4C57-A720-0215B5490EA7}
	EndGlobalSection
EndGlobal
